
Microsoft Visual Studio Solution File, Format Version 12.00
# Visual Studio Version 16
VisualStudioVersion = 16.0.30204.135
MinimumVisualStudioVersion = 10.0.40219.1
Project("{8BC9CEB8-8B4A-11D0-8D11-00A0C91BC942}") = "Coursework", "Coursework\Coursework.vcxproj", "{0CD95128-FC45-4EE3-9EAF-5F1611858001}"
EndProject
Global
	GlobalSection(SolutionConfigurationPlatforms) = preSolution
		Debug|x64 = Debug|x64
		Debug|x86 = Debug|x86
		Release|x64 = Release|x64
		Release|x86 = Release|x86
	EndGlobalSection
	GlobalSection(ProjectConfigurationPlatforms) = postSolution
		{0CD95128-FC45-4EE3-9EAF-5F1611858001}.Debug|x64.ActiveCfg = Debug|x64
		{0CD95128-FC45-4EE3-9EAF-5F1611858001}.Debug|x64.Build.0 = Debug|x64
		{0CD95128-FC45-4EE3-9EAF-5F1611858001}.Debug|x86.ActiveCfg = Debug|Win32
		{0CD95128-FC45-4EE3-9EAF-5F1611858001}.Debug|x86.Build.0 = Debug|Win32
		{0CD95128-FC45-4EE3-9EAF-5F1611858001}.Release|x64.ActiveCfg = Release|x64
		{0CD95128-FC45-4EE3-9EAF-5F1611858001}.Release|x64.Build.0 = Release|x64
		{0CD95128-FC45-4EE3-9EAF-5F1611858001}.Release|x86.ActiveCfg = Release|Win32
		{0CD95128-FC45-4EE3-9EAF-5F1611858001}.Release|x86.Build.0 = Release|Win32
	EndGlobalSection
	GlobalSection(SolutionProperties) = preSolution
		HideSolutionNode = FALSE
	EndGlobalSection
	GlobalSection(ExtensibilityGlobals) = postSolution
		SolutionGuid = {EA5807D4-67F3-4C32-85AD-BC10C9ED3676}
	EndGlobalSection
EndGlobal
